// !$*UTF8*$!
{
	archiveVersion = 1;
	classes = {
	};
	objectVersion = 46;
	objects = {

/* Begin PBXBuildFile section */
		852BF21A1B43BEC600C70389 /* main.m in Sources */ = {isa = PBXBuildFile; fileRef = 852BF2191B43BEC600C70389 /* main.m */; };
		852BF21D1B43BEC600C70389 /* AppDelegate.m in Sources */ = {isa = PBXBuildFile; fileRef = 852BF21C1B43BEC600C70389 /* AppDelegate.m */; };
		852BF2201B43BEC600C70389 /* ViewController.m in Sources */ = {isa = PBXBuildFile; fileRef = 852BF21F1B43BEC600C70389 /* ViewController.m */; };
		852BF2231B43BEC600C70389 /* Main.storyboard in Resources */ = {isa = PBXBuildFile; fileRef = 852BF2211B43BEC600C70389 /* Main.storyboard */; };
		852BF2251B43BEC600C70389 /* Images.xcassets in Resources */ = {isa = PBXBuildFile; fileRef = 852BF2241B43BEC600C70389 /* Images.xcassets */; };
		852BF2281B43BEC600C70389 /* LaunchScreen.xib in Resources */ = {isa = PBXBuildFile; fileRef = 852BF2261B43BEC600C70389 /* LaunchScreen.xib */; };
		852BF2341B43BEC600C70389 /* ceshiTests.m in Sources */ = {isa = PBXBuildFile; fileRef = 852BF2331B43BEC600C70389 /* ceshiTests.m */; };
/* End PBXBuildFile section */

/* Begin PBXContainerItemProxy section */
		852BF22E1B43BEC600C70389 /* PBXContainerItemProxy */ = {
			isa = PBXContainerItemProxy;
			containerPortal = 852BF20C1B43BEC600C70389 /* Project object */;
			proxyType = 1;
			remoteGlobalIDString = 852BF2131B43BEC600C70389;
			remoteInfo = ceshi;
		};
/* End PBXContainerItemProxy section */

/* Begin PBXFileReference section */
		852BF2141B43BEC600C70389 /* ceshi.app */ = {isa = PBXFileReference; explicitFileType = wrapper.application; includeInIndex = 0; path = ceshi.app; sourceTree = BUILT_PRODUCTS_DIR; };
		852BF2181B43BEC600C70389 /* Info.plist */ = {isa = PBXFileReference; lastKnownFileType = text.plist.xml; path = Info.plist; sourceTree = "<group>"; };
		852BF2191B43BEC600C70389 /* main.m */ = {isa = PBXFileReference; lastKnownFileType = sourcecode.c.objc; path = main.m; sourceTree = "<group>"; };
		852BF21B1B43BEC600C70389 /* AppDelegate.h */ = {isa = PBXFileReference; lastKnownFileType = sourcecode.c.h; path = AppDelegate.h; sourceTree = "<group>"; };
		852BF21C1B43BEC600C70389 /* AppDelegate.m */ = {isa = PBXFileReference; lastKnownFileType = sourcecode.c.objc; path = AppDelegate.m; sourceTree = "<group>"; };
		852BF21E1B43BEC600C70389 /* ViewController.h */ = {isa = PBXFileReference; lastKnownFileType = sourcecode.c.h; path = ViewController.h; sourceTree = "<group>"; };
		852BF21F1B43BEC600C70389 /* ViewController.m */ = {isa = PBXFileReference; lastKnownFileType = sourcecode.c.objc; path = ViewController.m; sourceTree = "<group>"; };
		852BF2221B43BEC600C70389 /* Base */ = {isa = PBXFileReference; lastKnownFileType = file.storyboard; name = Base; path = Base.lproj/Main.storyboard; sourceTree = "<group>"; };
		852BF2241B43BEC600C70389 /* Images.xcassets */ = {isa = PBXFileReference; lastKnownFileType = folder.assetcatalog; path = Images.xcassets; sourceTree = "<group>"; };
		852BF2271B43BEC600C70389 /* Base */ = {isa = PBXFileReference; lastKnownFileType = file.xib; name = Base; path = Base.lproj/LaunchScreen.xib; sourceTree = "<group>"; };
		852BF22D1B43BEC600C70389 /* ceshiTests.xctest */ = {isa = PBXFileReference; explicitFileType = wrapper.cfbundle; includeInIndex = 0; path = ceshiTests.xctest; sourceTree = BUILT_PRODUCTS_DIR; };
		852BF2321B43BEC600C70389 /* Info.plist */ = {isa = PBXFileReference; lastKnownFileType = text.plist.xml; path = Info.plist; sourceTree = "<group>"; };
		852BF2331B43BEC600C70389 /* ceshiTests.m */ = {isa = PBXFileReference; lastKnownFileType = sourcecode.c.objc; path = ceshiTests.m; sourceTree = "<group>"; };
/* End PBXFileReference section */

/* Begin PBXFrameworksBuildPhase section */
		852BF2111B43BEC600C70389 /* Frameworks */ = {
			isa = PBXFrameworksBuildPhase;
			buildActionMask = 2147483647;
			files = (
			);
			runOnlyForDeploymentPostprocessing = 0;
		};
		852BF22A1B43BEC600C70389 /* Frameworks */ = {
			isa = PBXFrameworksBuildPhase;
			buildActionMask = 2147483647;
			files = (
			);
			runOnlyForDeploymentPostprocessing = 0;
		};
/* End PBXFrameworksBuildPhase section */

/* Begin PBXGroup section */
		852BF20B1B43BEC600C70389 = {
			isa = PBXGroup;
			children = (
				852BF2161B43BEC600C70389 /* ceshi */,
				852BF2301B43BEC600C70389 /* ceshiTests */,
				852BF2151B43BEC600C70389 /* Products */,
			);
			sourceTree = "<group>";
		};
		852BF2151B43BEC600C70389 /* Products */ = {
			isa = PBXGroup;
			children = (
				852BF2141B43BEC600C70389 /* ceshi.app */,
				852BF22D1B43BEC600C70389 /* ceshiTests.xctest */,
			);
			name = Products;
			sourceTree = "<group>";
		};
		852BF2161B43BEC600C70389 /* ceshi */ = {
			isa = PBXGroup;
			children = (
				852BF21B1B43BEC600C70389 /* AppDelegate.h */,
				852BF21C1B43BEC600C70389 /* AppDelegate.m */,
				852BF21E1B43BEC600C70389 /* ViewController.h */,
				852BF21F1B43BEC600C70389 /* ViewController.m */,
				852BF2211B43BEC600C70389 /* Main.storyboard */,
				852BF2241B43BEC600C70389 /* Images.xcassets */,
				852BF2261B43BEC600C70389 /* LaunchScreen.xib */,
				852BF2171B43BEC600C70389 /* Supporting Files */,
			);
			path = ceshi;
			sourceTree = "<group>";
		};
		852BF2171B43BEC600C70389 /* Supporting Files */ = {
			isa = PBXGroup;
			children = (
				852BF2181B43BEC600C70389 /* Info.plist */,
				852BF2191B43BEC600C70389 /* main.m */,
			);
			name = "Supporting Files";
			sourceTree = "<group>";
		};
		852BF2301B43BEC600C70389 /* ceshiTests */ = {
			isa = PBXGroup;
			children = (
				852BF2331B43BEC600C70389 /* ceshiTests.m */,
				852BF2311B43BEC600C70389 /* Supporting Files */,
			);
			path = ceshiTests;
			sourceTree = "<group>";
		};
		852BF2311B43BEC600C70389 /* Supporting Files */ = {
			isa = PBXGroup;
			children = (
				852BF2321B43BEC600C70389 /* Info.plist */,
			);
			name = "Supporting Files";
			sourceTree = "<group>";
		};
/* End PBXGroup section */

/* Begin PBXNativeTarget section */
		852BF2131B43BEC600C70389 /* ceshi */ = {
			isa = PBXNativeTarget;
			buildConfigurationList = 852BF2371B43BEC600C70389 /* Build configuration list for PBXNativeTarget "ceshi" */;
			buildPhases = (
				852BF2101B43BEC600C70389 /* Sources */,
				852BF2111B43BEC600C70389 /* Frameworks */,
				852BF2121B43BEC600C70389 /* Resources */,
			);
			buildRules = (
			);
			dependencies = (
			);
			name = ceshi;
			productName = ceshi;
			productReference = 852BF2141B43BEC600C70389 /* ceshi.app */;
			productType = "com.apple.product-type.application";
		};
		852BF22C1B43BEC600C70389 /* ceshiTests */ = {
			isa = PBXNativeTarget;
			buildConfigurationList = 852BF23A1B43BEC600C70389 /* Build configuration list for PBXNativeTarget "ceshiTests" */;
			buildPhases = (
				852BF2291B43BEC600C70389 /* Sources */,
				852BF22A1B43BEC600C70389 /* Frameworks */,
				852BF22B1B43BEC600C70389 /* Resources */,
			);
			buildRules = (
			);
			dependencies = (
				852BF22F1B43BEC600C70389 /* PBXTargetDependency */,
			);
			name = ceshiTests;
			productName = ceshiTests;
			productReference = 852BF22D1B43BEC600C70389 /* ceshiTests.xctest */;
			productType = "com.apple.product-type.bundle.unit-test";
		};
/* End PBXNativeTarget section */

/* Begin PBXProject section */
		852BF20C1B43BEC600C70389 /* Project object */ = {
			isa = PBXProject;
			attributes = {
				LastUpgradeCheck = 0630;
				ORGANIZATIONNAME = tarena;
				TargetAttributes = {
					852BF2131B43BEC600C70389 = {
						CreatedOnToolsVersion = 6.3.1;
					};
					852BF22C1B43BEC600C70389 = {
						CreatedOnToolsVersion = 6.3.1;
						TestTargetID = 852BF2131B43BEC600C70389;
					};
				};
			};
			buildConfigurationList = 852BF20F1B43BEC600C70389 /* Build configuration list for PBXProject "ceshi" */;
			compatibilityVersion = "Xcode 3.2";
			developmentRegion = English;
			hasScannedForEncodings = 0;
			knownRegions = (
				en,
				Base,
			);
			mainGroup = 852BF20B1B43BEC600C70389;
			productRefGroup = 852BF2151B43BEC600C70389 /* Products */;
			projectDirPath = "";
			projectRoot = "";
			targets = (
				852BF2131B43BEC600C70389 /* ceshi */,
				852BF22C1B43BEC600C70389 /* ceshiTests */,
			);
		};
/* End PBXProject section */

/* Begin PBXResourcesBuildPhase section */
		852BF2121B43BEC600C70389 /* Resources */ = {
			isa = PBXResourcesBuildPhase;
			buildActionMask = 2147483647;
			files = (
				852BF2231B43BEC600C70389 /* Main.storyboard in Resources */,
				852BF2281B43BEC600C70389 /* LaunchScreen.xib in Resources */,
				852BF2251B43BEC600C70389 /* Images.xcassets in Resources */,
			);
			runOnlyForDeploymentPostprocessing = 0;
		};
		852BF22B1B43BEC600C70389 /* Resources */ = {
			isa = PBXResourcesBuildPhase;
			buildActionMask = 2147483647;
			files = (
			);
			runOnlyForDeploymentPostprocessing = 0;
		};
/* End PBXResourcesBuildPhase section */

/* Begin PBXSourcesBuildPhase section */
		852BF2101B43BEC600C70389 /* Sources */ = {
			isa = PBXSourcesBuildPhase;
			buildActionMask = 2147483647;
			files = (
				852BF2201B43BEC600C70389 /* ViewController.m in Sources */,
				852BF21D1B43BEC600C70389 /* AppDelegate.m in Sources */,
				852BF21A1B43BEC600C70389 /* main.m in Sources */,
			);
			runOnlyForDeploymentPostprocessing = 0;
		};
		852BF2291B43BEC600C70389 /* Sources */ = {
			isa = PBXSourcesBuildPhase;
			buildActionMask = 2147483647;
			files = (
				852BF2341B43BEC600C70389 /* ceshiTests.m in Sources */,
			);
			runOnlyForDeploymentPostprocessing = 0;
		};
/* End PBXSourcesBuildPhase section */

/* Begin PBXTargetDependency section */
		852BF22F1B43BEC600C70389 /* PBXTargetDependency */ = {
			isa = PBXTargetDependency;
			target = 852BF2131B43BEC600C70389 /* ceshi */;
			targetProxy = 852BF22E1B43BEC600C70389 /* PBXContainerItemProxy */;
		};
/* End PBXTargetDependency section */

/* Begin PBXVariantGroup section */
		852BF2211B43BEC600C70389 /* Main.storyboard */ = {
			isa = PBXVariantGroup;
			children = (
				852BF2221B43BEC600C70389 /* Base */,
			);
			name = Main.storyboard;
			sourceTree = "<group>";
		};
		852BF2261B43BEC600C70389 /* LaunchScreen.xib */ = {
			isa = PBXVariantGroup;
			children = (
				852BF2271B43BEC600C70389 /* Base */,
			);
			name = LaunchScreen.xib;
			sourceTree = "<group>";
		};
/* End PBXVariantGroup section */

/* Begin XCBuildConfiguration section */
		852BF2351B43BEC600C70389 /* Debug */ = {
			isa = XCBuildConfiguration;
			buildSettings = {
				ALWAYS_SEARCH_USER_PATHS = NO;
				CLANG_CXX_LANGUAGE_STANDARD = "gnu++0x";
				CLANG_CXX_LIBRARY = "libc++";
				CLANG_ENABLE_MODULES = YES;
				CLANG_ENABLE_OBJC_ARC = YES;
				CLANG_WARN_BOOL_CONVERSION = YES;
				CLANG_WARN_CONSTANT_CONVERSION = YES;
				CLANG_WARN_DIRECT_OBJC_ISA_USAGE = YES_ERROR;
				CLANG_WARN_EMPTY_BODY = YES;
				CLANG_WARN_ENUM_CONVERSION = YES;
				CLANG_WARN_INT_CONVERSION = YES;
				CLANG_WARN_OBJC_ROOT_CLASS = YES_ERROR;
				CLANG_WARN_UNREACHABLE_CODE = YES;
				CLANG_WARN__DUPLICATE_METHOD_MATCH = YES;
				"CODE_SIGN_IDENTITY[sdk=iphoneos*]" = "iPhone Developer";
				COPY_PHASE_STRIP = NO;
				DEBUG_INFORMATION_FORMAT = "dwarf-with-dsym";
				ENABLE_STRICT_OBJC_MSGSEND = YES;
				GCC_C_LANGUAGE_STANDARD = gnu99;
				GCC_DYNAMIC_NO_PIC = NO;
				GCC_NO_COMMON_BLOCKS = YES;
				GCC_OPTIMIZATION_LEVEL = 0;
				GCC_PREPROCESSOR_DEFINITIONS = (
					"DEBUG=1",
					"$(inherited)",
				);
				GCC_SYMBOLS_PRIVATE_EXTERN = NO;
				GCC_WARN_64_TO_32_BIT_CONVERSION = YES;
				GCC_WARN_ABOUT_RETURN_TYPE = YES_ERROR;
				GCC_WARN_UNDECLARED_SELECTOR = YES;
				GCC_WARN_UNINITIALIZED_AUTOS = YES_AGGRESSIVE;
				GCC_WARN_UNUSED_FUNCTION = YES;
				GCC_WARN_UNUSED_VARIABLE = YES;
				IPHONEOS_DEPLOYMENT_TARGET = 8.3;
				MTL_ENABLE_DEBUG_INFO = YES;
				ONLY_ACTIVE_ARCH = YES;
				SDKROOT = iphoneos;
			};
			name = Debug;
		};
		852BF2361B43BEC600C70389 /* Release */ = {
			isa = XCBuildConfiguration;
			buildSettings = {
				ALWAYS_SEARCH_USER_PATHS = NO;
				CLANG_CXX_LANGUAGE_STANDARD = "gnu++0x";
				CLANG_CXX_LIBRARY = "libc++";
				CLANG_ENABLE_MODULES = YES;
				CLANG_ENABLE_OBJC_ARC = YES;
				CLANG_WARN_BOOL_CONVERSION = YES;
				CLANG_WARN_CONSTANT_CONVERSION = YES;
				CLANG_WARN_DIRECT_OBJC_ISA_USAGE = YES_ERROR;
				CLANG_WARN_EMPTY_BODY = YES;
				CLANG_WARN_ENUM_CONVERSION = YES;
				CLANG_WARN_INT_CONVERSION = YES;
				CLANG_WARN_OBJC_ROOT_CLASS = YES_ERROR;
				CLANG_WARN_UNREACHABLE_CODE = YES;
				CLANG_WARN__DUPLICATE_METHOD_MATCH = YES;
				"CODE_SIGN_IDENTITY[sdk=iphoneos*]" = "iPhone Developer";
				COPY_PHASE_STRIP = NO;
				DEBUG_INFORMATION_FORMAT = "dwarf-with-dsym";
				ENABLE_NS_ASSERTIONS = NO;
				ENABLE_STRICT_OBJC_MSGSEND = YES;
				GCC_C_LANGUAGE_STANDARD = gnu99;
				GCC_NO_COMMON_BLOCKS = YES;
				GCC_WARN_64_TO_32_BIT_CONVERSION = YES;
				GCC_WARN_ABOUT_RETURN_TYPE = YES_ERROR;
				GCC_WARN_UNDECLARED_SELECTOR = YES;
				GCC_WARN_UNINITIALIZED_AUTOS = YES_AGGRESSIVE;
				GCC_WARN_UNUSED_FUNCTION = YES;
				GCC_WARN_UNUSED_VARIABLE = YES;
				IPHONEOS_DEPLOYMENT_TARGET = 8.3;
				MTL_ENABLE_DEBUG_INFO = NO;
				SDKROOT = iphoneos;
				VALIDATE_PRODUCT = YES;
			};
			name = Release;
		};
		852BF2381B43BEC600C70389 /* Debug */ = {
			isa = XCBuildConfiguration;
			buildSettings = {
				ASSETCATALOG_COMPILER_APPICON_NAME = AppIcon;
				INFOPLIST_FILE = ceshi/Info.plist;
				LD_RUNPATH_SEARCH_PATHS = "$(inherited) @executable_path/Frameworks";
				PRODUCT_NAME = "$(TARGET_NAME)";
			};
			name = Debug;
		};
		852BF2391B43BEC600C70389 /* Release */ = {
			isa = XCBuildConfiguration;
			buildSettings = {
				ASSETCATALOG_COMPILER_APPICON_NAME = AppIcon;
				INFOPLIST_FILE = ceshi/Info.plist;
				LD_RUNPATH_SEARCH_PATHS = "$(inherited) @executable_path/Frameworks";
				PRODUCT_NAME = "$(TARGET_NAME)";
			};
			name = Release;
		};
		852BF23B1B43BEC600C70389 /* Debug */ = {
			isa = XCBuildConfiguration;
			buildSettings = {
				BUNDLE_LOADER = "$(TEST_HOST)";
				FRAMEWORK_SEARCH_PATHS = (
					"$(SDKROOT)/Developer/Library/Frameworks",
					"$(inherited)",
				);
				GCC_PREPROCESSOR_DEFINITIONS = (
					"DEBUG=1",
					"$(inherited)",
				);
				INFOPLIST_FILE = ceshiTests/Info.plist;
				LD_RUNPATH_SEARCH_PATHS = "$(inherited) @executable_path/Frameworks @loader_path/Frameworks";
				PRODUCT_NAME = "$(TARGET_NAME)";
				TEST_HOST = "$(BUILT_PRODUCTS_DIR)/ceshi.app/ceshi";
			};
			name = Debug;
		};
		852BF23C1B43BEC600C70389 /* Release */ = {
			isa = XCBuildConfiguration;
			buildSettings = {
				BUNDLE_LOADER = "$(TEST_HOST)";
				FRAMEWORK_SEARCH_PATHS = (
					"$(SDKROOT)/Developer/Library/Frameworks",
					"$(inherited)",
				);
				INFOPLIST_FILE = ceshiTests/Info.plist;
				LD_RUNPATH_SEARCH_PATHS = "$(inherited) @executable_path/Frameworks @loader_path/Frameworks";
				PRODUCT_NAME = "$(TARGET_NAME)";
				TEST_HOST = "$(BUILT_PRODUCTS_DIR)/ceshi.app/ceshi";
			};
			name = Release;
		};
/* End XCBuildConfiguration section */

/* Begin XCConfigurationList section */
		852BF20F1B43BEC600C70389 /* Build configuration list for PBXProject "ceshi" */ = {
			isa = XCConfigurationList;
			buildConfigurations = (
				852BF2351B43BEC600C70389 /* Debug */,
				852BF2361B43BEC600C70389 /* Release */,
			);
			defaultConfigurationIsVisible = 0;
			defaultConfigurationName = Release;
		};
		852BF2371B43BEC600C70389 /* Build configuration list for PBXNativeTarget "ceshi" */ = {
			isa = XCConfigurationList;
			buildConfigurations = (
				852BF2381B43BEC600C70389 /* Debug */,
				852BF2391B43BEC600C70389 /* Release */,
			);
			defaultConfigurationIsVisible = 0;
		};
		852BF23A1B43BEC600C70389 /* Build configuration list for PBXNativeTarget "ceshiTests" */ = {
			isa = XCConfigurationList;
			buildConfigurations = (
				852BF23B1B43BEC600C70389 /* Debug */,
				852BF23C1B43BEC600C70389 /* Release */,
			);
			defaultConfigurationIsVisible = 0;
		};
/* End XCConfigurationList section */
	};
	rootObject = 852BF20C1B43BEC600C70389 /* Project object */;
}
